
Microsoft Visual Studio Solution File, Format Version 12.00
# Visual Studio Version 16
VisualStudioVersion = 16.0.29409.12
MinimumVisualStudioVersion = 10.0.40219.1
Project("{FAE04EC0-301F-11D3-BF4B-00C04F79EFBC}") = "GreedyWords", "GreedyWords\GreedyWords.csproj", "{45B7B19F-78A0-45F7-A37E-1B335398CEC9}"
EndProject
Global
	GlobalSection(SolutionConfigurationPlatforms) = preSolution
		Debug|Any CPU = Debug|Any CPU
		Release|Any CPU = Release|Any CPU
	EndGlobalSection
	GlobalSection(ProjectConfigurationPlatforms) = postSolution
		{45B7B19F-78A0-45F7-A37E-1B335398CEC9}.Debug|Any CPU.ActiveCfg = Debug|Any CPU
		{45B7B19F-78A0-45F7-A37E-1B335398CEC9}.Debug|Any CPU.Build.0 = Debug|Any CPU
		{45B7B19F-78A0-45F7-A37E-1B335398CEC9}.Release|Any CPU.ActiveCfg = Release|Any CPU
		{45B7B19F-78A0-45F7-A37E-1B335398CEC9}.Release|Any CPU.Build.0 = Release|Any CPU
	EndGlobalSection
	GlobalSection(SolutionProperties) = preSolution
		HideSolutionNode = FALSE
	EndGlobalSection
	GlobalSection(ExtensibilityGlobals) = postSolution
		SolutionGuid = {3E4BD886-A5B5-40C5-9094-2B0FE8DA5C03}
	EndGlobalSection
EndGlobal
